{
  "version": 4,
  "terraform_version": "1.3.9",
  "serial": 1,
  "lineage": "3af15d45-5823-405e-e12c-e23107441a87",
  "outputs": {},
  "resources": [
    {
      "mode": "managed",
      "type": "aws_vpc",
      "name": "ntier",
      "provider": "provider[\"registry.terraform.io/hashicorp/aws\"]",
      "instances": [
        {
          "schema_version": 1,
          "attributes": {
            "arn": "arn:aws:ec2:us-west-2:248845559443:vpc/vpc-0434283a1c5e4ae36",
            "assign_generated_ipv6_cidr_block": false,
            "cidr_block": "192.168.0.0/16",
            "default_network_acl_id": "acl-046d72a880fa3eb70",
            "default_route_table_id": "rtb-02911fd54a1028fe4",
            "default_security_group_id": "sg-040d80dfdcb0c2b9c",
            "dhcp_options_id": "dopt-0fa4606bead59638d",
            "enable_dns_hostnames": false,
            "enable_dns_support": true,
            "enable_network_address_usage_metrics": false,
            "id": "vpc-0434283a1c5e4ae36",
            "instance_tenancy": "default",
            "ipv4_ipam_pool_id": null,
            "ipv4_netmask_length": null,
            "ipv6_association_id": "",
            "ipv6_cidr_block": "",
            "ipv6_cidr_block_network_border_group": "",
            "ipv6_ipam_pool_id": "",
            "ipv6_netmask_length": 0,
            "main_route_table_id": "rtb-02911fd54a1028fe4",
            "owner_id": "248845559443",
            "tags": {
              "Env": "dev",
              "Name": "ntier-dev"
            },
            "tags_all": {
              "Env": "dev",
              "Name": "ntier-dev"
            }
          },
          "sensitive_attributes": [],
          "private": "eyJzY2hlbWFfdmVyc2lvbiI6IjEifQ=="
        }
      ]
    }
  ],
  "check_results": null
}
