{
  "version": 4,
  "terraform_version": "1.3.9",
  "serial": 1,
  "lineage": "7383f5d3-2b0c-a70d-c27e-bdd2aaa59bf8",
  "outputs": {},
  "resources": [
    {
      "mode": "managed",
      "type": "aws_vpc",
      "name": "ntier",
      "provider": "provider[\"registry.terraform.io/hashicorp/aws\"]",
      "instances": [
        {
          "schema_version": 1,
          "attributes": {
            "arn": "arn:aws:ec2:us-west-2:248845559443:vpc/vpc-0509aa89a9d5e503b",
            "assign_generated_ipv6_cidr_block": false,
            "cidr_block": "192.168.0.0/16",
            "default_network_acl_id": "acl-045c13ce619af3bc7",
            "default_route_table_id": "rtb-0107609d9ada95165",
            "default_security_group_id": "sg-0ddca7533ba8c619c",
            "dhcp_options_id": "dopt-0fa4606bead59638d",
            "enable_dns_hostnames": false,
            "enable_dns_support": true,
            "enable_network_address_usage_metrics": false,
            "id": "vpc-0509aa89a9d5e503b",
            "instance_tenancy": "default",
            "ipv4_ipam_pool_id": null,
            "ipv4_netmask_length": null,
            "ipv6_association_id": "",
            "ipv6_cidr_block": "",
            "ipv6_cidr_block_network_border_group": "",
            "ipv6_ipam_pool_id": "",
            "ipv6_netmask_length": 0,
            "main_route_table_id": "rtb-0107609d9ada95165",
            "owner_id": "248845559443",
            "tags": {
              "Env": "qa",
              "Name": "ntier-qa"
            },
            "tags_all": {
              "Env": "qa",
              "Name": "ntier-qa"
            }
          },
          "sensitive_attributes": [],
          "private": "eyJzY2hlbWFfdmVyc2lvbiI6IjEifQ=="
        }
      ]
    }
  ],
  "check_results": null
}
