{
  "version": 4,
  "terraform_version": "1.3.9",
  "serial": 5,
  "lineage": "9ea48a1c-a1a2-4389-5efc-88349f943983",
  "outputs": {},
  "resources": [
    {
      "mode": "managed",
      "type": "aws_vpc",
      "name": "test",
      "provider": "provider[\"registry.terraform.io/hashicorp/aws\"]",
      "instances": [
        {
          "schema_version": 1,
          "attributes": {
            "arn": "arn:aws:ec2:ap-south-1:248845559443:vpc/vpc-03fa0b1f4dae44f62",
            "assign_generated_ipv6_cidr_block": false,
            "cidr_block": "192.168.0.0/16",
            "default_network_acl_id": "acl-0aee992655a3ee969",
            "default_route_table_id": "rtb-0b9425b10f3975539",
            "default_security_group_id": "sg-0949896a458e8f33f",
            "dhcp_options_id": "dopt-0735ce0912158e1f1",
            "enable_classiclink": false,
            "enable_classiclink_dns_support": false,
            "enable_dns_hostnames": false,
            "enable_dns_support": true,
            "enable_network_address_usage_metrics": false,
            "id": "vpc-03fa0b1f4dae44f62",
            "instance_tenancy": "default",
            "ipv4_ipam_pool_id": null,
            "ipv4_netmask_length": null,
            "ipv6_association_id": "",
            "ipv6_cidr_block": "",
            "ipv6_cidr_block_network_border_group": "",
            "ipv6_ipam_pool_id": "",
            "ipv6_netmask_length": 0,
            "main_route_table_id": "rtb-0b9425b10f3975539",
            "owner_id": "248845559443",
            "tags": {
              "name": "ntier"
            },
            "tags_all": {
              "name": "ntier"
            }
          },
          "sensitive_attributes": [],
          "private": "eyJzY2hlbWFfdmVyc2lvbiI6IjEifQ=="
        }
      ]
    }
  ],
  "check_results": null
}
